
Microsoft Visual Studio Solution File, Format Version 12.00
# Visual Studio Version 17
VisualStudioVersion = 17.14.36616.10 d17.14
MinimumVisualStudioVersion = 10.0.40219.1
Project("{E24C65DC-7377-472B-9ABA-BC803B73C61A}") = "HarelCohenOrWebsite", "HarelCohenOrWebsite\", "{75430F6A-CCF0-CC76-116F-C4FF22F1E0FE}"
	ProjectSection(WebsiteProperties) = preProject
		TargetFrameworkMoniker = ".NETFramework,Version%3Dv4.7.2"
		Debug.AspNetCompiler.VirtualPath = "/localhost_62462"
		Debug.AspNetCompiler.PhysicalPath = "HarelCohenOrWebsite\"
		Debug.AspNetCompiler.TargetPath = "PrecompiledWeb\localhost_62462\"
		Debug.AspNetCompiler.Updateable = "true"
		Debug.AspNetCompiler.ForceOverwrite = "true"
		Debug.AspNetCompiler.FixedNames = "false"
		Debug.AspNetCompiler.Debug = "True"
		Release.AspNetCompiler.VirtualPath = "/localhost_62462"
		Release.AspNetCompiler.PhysicalPath = "HarelCohenOrWebsite\"
		Release.AspNetCompiler.TargetPath = "PrecompiledWeb\localhost_62462\"
		Release.AspNetCompiler.Updateable = "true"
		Release.AspNetCompiler.ForceOverwrite = "true"
		Release.AspNetCompiler.FixedNames = "false"
		Release.AspNetCompiler.Debug = "False"
		VWDPort = "62462"
		SlnRelativePath = "HarelCohenOrWebsite\"
		DefaultWebSiteLanguage = "Visual C#"
	EndProjectSection
EndProject
Global
	GlobalSection(SolutionConfigurationPlatforms) = preSolution
		Debug|Any CPU = Debug|Any CPU
	EndGlobalSection
	GlobalSection(ProjectConfigurationPlatforms) = postSolution
		{75430F6A-CCF0-CC76-116F-C4FF22F1E0FE}.Debug|Any CPU.ActiveCfg = Debug|Any CPU
		{75430F6A-CCF0-CC76-116F-C4FF22F1E0FE}.Debug|Any CPU.Build.0 = Debug|Any CPU
	EndGlobalSection
	GlobalSection(SolutionProperties) = preSolution
		HideSolutionNode = FALSE
	EndGlobalSection
	GlobalSection(ExtensibilityGlobals) = postSolution
		SolutionGuid = {DC0AB61B-CC39-4F1B-B452-2830C6FA3E00}
	EndGlobalSection
EndGlobal
